
Microsoft Visual Studio Solution File, Format Version 12.00
# Visual Studio Version 17
VisualStudioVersion = 17.9.34902.65
MinimumVisualStudioVersion = 10.0.40219.1
Project("{FAE04EC0-301F-11D3-BF4B-00C04F79EFBC}") = "BankProject", "BankProject.csproj", "{2C257B5E-E0E4-4962-87C7-1BB99778B82B}"
EndProject
Project("{FAE04EC0-301F-11D3-BF4B-00C04F79EFBC}") = "Bank-BusinessLayer", "..\Bank-BusinessLayer\Bank-BusinessLayer.csproj", "{F05AC553-4CC0-45FC-93CC-C62CECA58F03}"
EndProject
Project("{FAE04EC0-301F-11D3-BF4B-00C04F79EFBC}") = "Bank-DataAccessLayer", "..\Bank-DataAccessLayer\Bank-DataAccessLayer.csproj", "{4147F597-6862-4F74-ABD0-CD3EFE0876CA}"
EndProject
Global
	GlobalSection(SolutionConfigurationPlatforms) = preSolution
		Debug|Any CPU = Debug|Any CPU
		Release|Any CPU = Release|Any CPU
	EndGlobalSection
	GlobalSection(ProjectConfigurationPlatforms) = postSolution
		{2C257B5E-E0E4-4962-87C7-1BB99778B82B}.Debug|Any CPU.ActiveCfg = Debug|Any CPU
		{2C257B5E-E0E4-4962-87C7-1BB99778B82B}.Debug|Any CPU.Build.0 = Debug|Any CPU
		{2C257B5E-E0E4-4962-87C7-1BB99778B82B}.Release|Any CPU.ActiveCfg = Release|Any CPU
		{2C257B5E-E0E4-4962-87C7-1BB99778B82B}.Release|Any CPU.Build.0 = Release|Any CPU
		{F05AC553-4CC0-45FC-93CC-C62CECA58F03}.Debug|Any CPU.ActiveCfg = Debug|Any CPU
		{F05AC553-4CC0-45FC-93CC-C62CECA58F03}.Debug|Any CPU.Build.0 = Debug|Any CPU
		{F05AC553-4CC0-45FC-93CC-C62CECA58F03}.Release|Any CPU.ActiveCfg = Release|Any CPU
		{F05AC553-4CC0-45FC-93CC-C62CECA58F03}.Release|Any CPU.Build.0 = Release|Any CPU
		{4147F597-6862-4F74-ABD0-CD3EFE0876CA}.Debug|Any CPU.ActiveCfg = Debug|Any CPU
		{4147F597-6862-4F74-ABD0-CD3EFE0876CA}.Debug|Any CPU.Build.0 = Debug|Any CPU
		{4147F597-6862-4F74-ABD0-CD3EFE0876CA}.Release|Any CPU.ActiveCfg = Release|Any CPU
		{4147F597-6862-4F74-ABD0-CD3EFE0876CA}.Release|Any CPU.Build.0 = Release|Any CPU
	EndGlobalSection
	GlobalSection(SolutionProperties) = preSolution
		HideSolutionNode = FALSE
	EndGlobalSection
	GlobalSection(ExtensibilityGlobals) = postSolution
		SolutionGuid = {05F171DD-24E5-4970-8849-E6B55F2DB889}
	EndGlobalSection
EndGlobal
